
Microsoft Visual Studio Solution File, Format Version 12.00
# Visual Studio 15
VisualStudioVersion = 15.0.26730.15
MinimumVisualStudioVersion = 10.0.40219.1
Project("{FAE04EC0-301F-11D3-BF4B-00C04F79EFBC}") = "Beer", "Beer\Beer.csproj", "{4C6FF588-ACF2-4881-AB28-5944D32B84B8}"
EndProject
Project("{FAE04EC0-301F-11D3-BF4B-00C04F79EFBC}") = "Beer.Tests", "Beer.Tests\Beer.Tests.csproj", "{D7C5D551-7CB9-4C60-BEF9-A79525FD4E18}"
EndProject
Global
	GlobalSection(SolutionConfigurationPlatforms) = preSolution
		Debug|Any CPU = Debug|Any CPU
		Release|Any CPU = Release|Any CPU
	EndGlobalSection
	GlobalSection(ProjectConfigurationPlatforms) = postSolution
		{4C6FF588-ACF2-4881-AB28-5944D32B84B8}.Debug|Any CPU.ActiveCfg = Debug|Any CPU
		{4C6FF588-ACF2-4881-AB28-5944D32B84B8}.Debug|Any CPU.Build.0 = Debug|Any CPU
		{4C6FF588-ACF2-4881-AB28-5944D32B84B8}.Release|Any CPU.ActiveCfg = Release|Any CPU
		{4C6FF588-ACF2-4881-AB28-5944D32B84B8}.Release|Any CPU.Build.0 = Release|Any CPU
		{D7C5D551-7CB9-4C60-BEF9-A79525FD4E18}.Debug|Any CPU.ActiveCfg = Debug|Any CPU
		{D7C5D551-7CB9-4C60-BEF9-A79525FD4E18}.Debug|Any CPU.Build.0 = Debug|Any CPU
		{D7C5D551-7CB9-4C60-BEF9-A79525FD4E18}.Release|Any CPU.ActiveCfg = Release|Any CPU
		{D7C5D551-7CB9-4C60-BEF9-A79525FD4E18}.Release|Any CPU.Build.0 = Release|Any CPU
	EndGlobalSection
	GlobalSection(SolutionProperties) = preSolution
		HideSolutionNode = FALSE
	EndGlobalSection
	GlobalSection(ExtensibilityGlobals) = postSolution
		SolutionGuid = {68D99A56-9FB9-404A-8CFB-48B989F76C12}
	EndGlobalSection
EndGlobal
